# This file was autogenerated by Stack.
# You should not edit this file by hand.
# For more information, please see the documentation at:
#   https://docs.haskellstack.org/en/stable/lock_files

packages:
- completed:
    hackage: digestive-functors-0.8.4.0@sha256:eb2ce9e55a8d2f26a9f5c8386e0d764fe1ce47eb0430af84104bf12dab431fa9,3287
    pantry-tree:
      size: 1682
      sha256: 825eb6308f9b5ec6f7527401f37369b3997eb3b012d3ce2a8fdd071067faf84e
  original:
    hackage: digestive-functors-0.8.4.0@sha256:eb2ce9e55a8d2f26a9f5c8386e0d764fe1ce47eb0430af84104bf12dab431fa9,3287
- completed:
    hackage: digestive-functors-heist-0.8.8.1@sha256:03b92ba8eac9b4d23f3a8ea4c18192210d54b80b89d03a35f35dd88f95d40ad9,1022
    pantry-tree:
      size: 363
      sha256: dd290c3116a3d1f5f6d8e9fd695af4a340dadf20d9041891c7a043da9fe2c9bf
  original:
    hackage: digestive-functors-heist-0.8.8.1@sha256:03b92ba8eac9b4d23f3a8ea4c18192210d54b80b89d03a35f35dd88f95d40ad9,1022
- completed:
    hackage: heist-1.1.0.1@sha256:7355cf8c1a7ef84c0c800c0539f7b99e7e540cace697238009a2dea1f05231f1,9311
    pantry-tree:
      size: 7354
      sha256: a2635ed49de6debaf8b98189989f83ab58dcc125c6ae8e57f6fe0903bc7fa8ff
  original:
    hackage: heist-1.1.0.1@sha256:7355cf8c1a7ef84c0c800c0539f7b99e7e540cace697238009a2dea1f05231f1,9311
- completed:
    hackage: logging-3.0.5@sha256:88096d3124fce9a19af3720f751e1a354d866ed5030d2e5197238d2277cdb2f2,2374
    pantry-tree:
      size: 264
      sha256: 35c4c46138a30e516c2f27dfc51a993e7d7946af0de1a826f18b71a854c2da21
  original:
    hackage: logging-3.0.5@sha256:88096d3124fce9a19af3720f751e1a354d866ed5030d2e5197238d2277cdb2f2,2374
- completed:
    hackage: map-syntax-0.3@sha256:ca8b449615fa57419c16a5e98844624a6ac758692b87b3cfae8c74c87c56f1b2,2420
    pantry-tree:
      size: 558
      sha256: c196bee0433f9540e4251ebd1be06d802ff7cc4931e6f0aedc38babd28683a3c
  original:
    hackage: map-syntax-0.3@sha256:ca8b449615fa57419c16a5e98844624a6ac758692b87b3cfae8c74c87c56f1b2,2420
- completed:
    hackage: wai-session-clientsession-0.1@sha256:e5778e6a7bc67d2e91f44d9efe8de24cfb4181d3c5445195d0cc7167fbc6ad24,1223
    pantry-tree:
      size: 289
      sha256: 7d53e9a90a87178bfb504d827a373351b8cb339378edd5ec4222c7515becbb70
  original:
    hackage: wai-session-clientsession-0.1@sha256:e5778e6a7bc67d2e91f44d9efe8de24cfb4181d3c5445195d0cc7167fbc6ad24,1223
- completed:
    hackage: wai-util-0.8@sha256:7181e748ccd405ecef5a586c954acb3d62b55b8eb7368efb5d80d6bf38e8211b,1260
    pantry-tree:
      size: 255
      sha256: b80c70adc40b866a4bf6ba0716806efdcce14235e1e6ae69a25cfde679d771e7
  original:
    hackage: wai-util-0.8@sha256:7181e748ccd405ecef5a586c954acb3d62b55b8eb7368efb5d80d6bf38e8211b,1260
- completed:
    hackage: xmlhtml-0.2.5.2@sha256:3f0990f725551985d777e8edb5563fe99aee998f1fde6a7633f720f76df54701,46997
    pantry-tree:
      size: 61835
      sha256: bb1bd95db3738e18d112bbc9724510ee64a51b7eda61494507f4957c5e2281f6
  original:
    hackage: xmlhtml-0.2.5.2@sha256:3f0990f725551985d777e8edb5563fe99aee998f1fde6a7633f720f76df54701,46997
- completed:
    hackage: http-accept-0.2@sha256:c55935f6ff4984aee96ebc130cc9aa6919d322becb613c049a81203cec9fe65e,1154
    pantry-tree:
      size: 262
      sha256: faed5502bca51dd31fdff8277c344278bad508f3e695b6b767530e648a7e00a7
  original:
    hackage: http-accept-0.2@sha256:c55935f6ff4984aee96ebc130cc9aa6919d322becb613c049a81203cec9fe65e,1154
- completed:
    hackage: semigroups-0.18.5@sha256:41ef9f5f183f66c519c5cddcb3fbfdbc9b67a2b7bfae7d81f91de9ff7367d8c6,5828
    pantry-tree:
      size: 533
      sha256: 7fe152b45de8c6a929db10c68b0576e35f7054492c528e8aa10cb1af2fc80953
  original:
    hackage: semigroups-0.18.5@sha256:41ef9f5f183f66c519c5cddcb3fbfdbc9b67a2b7bfae7d81f91de9ff7367d8c6,5828
snapshots:
- completed:
    size: 489011
    url: https://raw.githubusercontent.com/commercialhaskell/stackage-snapshots/master/lts/15/1.yaml
    sha256: d4ecc42b7125d68e4c3c036a08046ad0cd02ae0d9efbe3af2223a00ff8cc16f3
  original: lts-15.1
